
Microsoft Visual Studio Solution File, Format Version 12.00
# Visual Studio Version 16
VisualStudioVersion = 16.0.31624.102
MinimumVisualStudioVersion = 10.0.40219.1
Project("{FAE04EC0-301F-11D3-BF4B-00C04F79EFBC}") = "Bai05", "Bai05\Bai05.csproj", "{792219BE-7DFA-4333-9B10-74A966AFB4A4}"
EndProject
Global
	GlobalSection(SolutionConfigurationPlatforms) = preSolution
		Debug|Any CPU = Debug|Any CPU
		Release|Any CPU = Release|Any CPU
	EndGlobalSection
	GlobalSection(ProjectConfigurationPlatforms) = postSolution
		{792219BE-7DFA-4333-9B10-74A966AFB4A4}.Debug|Any CPU.ActiveCfg = Debug|Any CPU
		{792219BE-7DFA-4333-9B10-74A966AFB4A4}.Debug|Any CPU.Build.0 = Debug|Any CPU
		{792219BE-7DFA-4333-9B10-74A966AFB4A4}.Release|Any CPU.ActiveCfg = Release|Any CPU
		{792219BE-7DFA-4333-9B10-74A966AFB4A4}.Release|Any CPU.Build.0 = Release|Any CPU
	EndGlobalSection
	GlobalSection(SolutionProperties) = preSolution
		HideSolutionNode = FALSE
	EndGlobalSection
	GlobalSection(ExtensibilityGlobals) = postSolution
		SolutionGuid = {10C0D222-DA05-4600-9EEE-915E6CEE9C55}
	EndGlobalSection
EndGlobal
